// !$*UTF8*$!
{
	archiveVersion = 1;
	classes = {
	};
	objectVersion = 50;
	objects = {

/* Begin PBXBuildFile section */
		30ECEEA22162D8F40020B9C4 /* AppDelegate.swift in Sources */ = {isa = PBXBuildFile; fileRef = 30ECEEA12162D8F40020B9C4 /* AppDelegate.swift */; };
		30ECEEA72162D8F40020B9C4 /* Main.storyboard in Resources */ = {isa = PBXBuildFile; fileRef = 30ECEEA52162D8F40020B9C4 /* Main.storyboard */; };
		30ECEEA92162D8F60020B9C4 /* Assets.xcassets in Resources */ = {isa = PBXBuildFile; fileRef = 30ECEEA82162D8F60020B9C4 /* Assets.xcassets */; };
		30ECEEAC2162D8F60020B9C4 /* LaunchScreen.storyboard in Resources */ = {isa = PBXBuildFile; fileRef = 30ECEEAA2162D8F60020B9C4 /* LaunchScreen.storyboard */; };
		30ECEEB42162DA750020B9C4 /* TextButtonViewController.swift in Sources */ = {isa = PBXBuildFile; fileRef = 30ECEEB32162DA750020B9C4 /* TextButtonViewController.swift */; };
		30ECEEB62162E7210020B9C4 /* Symptoms.swift in Sources */ = {isa = PBXBuildFile; fileRef = 30ECEEB52162E7210020B9C4 /* Symptoms.swift */; };
/* End PBXBuildFile section */

/* Begin PBXFileReference section */
		30ECEE9E2162D8F40020B9C4 /* Snippets.app */ = {isa = PBXFileReference; explicitFileType = wrapper.application; includeInIndex = 0; path = Snippets.app; sourceTree = BUILT_PRODUCTS_DIR; };
		30ECEEA12162D8F40020B9C4 /* AppDelegate.swift */ = {isa = PBXFileReference; lastKnownFileType = sourcecode.swift; path = AppDelegate.swift; sourceTree = "<group>"; };
		30ECEEA62162D8F40020B9C4 /* Base */ = {isa = PBXFileReference; lastKnownFileType = file.storyboard; name = Base; path = Base.lproj/Main.storyboard; sourceTree = "<group>"; };
		30ECEEA82162D8F60020B9C4 /* Assets.xcassets */ = {isa = PBXFileReference; lastKnownFileType = folder.assetcatalog; path = Assets.xcassets; sourceTree = "<group>"; };
		30ECEEAB2162D8F60020B9C4 /* Base */ = {isa = PBXFileReference; lastKnownFileType = file.storyboard; name = Base; path = Base.lproj/LaunchScreen.storyboard; sourceTree = "<group>"; };
		30ECEEAD2162D8F60020B9C4 /* Info.plist */ = {isa = PBXFileReference; lastKnownFileType = text.plist.xml; path = Info.plist; sourceTree = "<group>"; };
		30ECEEB32162DA750020B9C4 /* TextButtonViewController.swift */ = {isa = PBXFileReference; lastKnownFileType = sourcecode.swift; path = TextButtonViewController.swift; sourceTree = "<group>"; };
		30ECEEB52162E7210020B9C4 /* Symptoms.swift */ = {isa = PBXFileReference; lastKnownFileType = sourcecode.swift; path = Symptoms.swift; sourceTree = "<group>"; };
/* End PBXFileReference section */

/* Begin PBXFrameworksBuildPhase section */
		30ECEE9B2162D8F40020B9C4 /* Frameworks */ = {
			isa = PBXFrameworksBuildPhase;
			buildActionMask = 2147483647;
			files = (
			);
			runOnlyForDeploymentPostprocessing = 0;
		};
/* End PBXFrameworksBuildPhase section */

/* Begin PBXGroup section */
		30ECEE952162D8F40020B9C4 = {
			isa = PBXGroup;
			children = (
				30ECEEA02162D8F40020B9C4 /* Snippets */,
				30ECEE9F2162D8F40020B9C4 /* Products */,
			);
			sourceTree = "<group>";
		};
		30ECEE9F2162D8F40020B9C4 /* Products */ = {
			isa = PBXGroup;
			children = (
				30ECEE9E2162D8F40020B9C4 /* Snippets.app */,
			);
			name = Products;
			sourceTree = "<group>";
		};
		30ECEEA02162D8F40020B9C4 /* Snippets */ = {
			isa = PBXGroup;
			children = (
				30ECEEA12162D8F40020B9C4 /* AppDelegate.swift */,
				30ECEEA52162D8F40020B9C4 /* Main.storyboard */,
				30ECEEA82162D8F60020B9C4 /* Assets.xcassets */,
				30ECEEB32162DA750020B9C4 /* TextButtonViewController.swift */,
				30ECEEB52162E7210020B9C4 /* Symptoms.swift */,
				30ECEEAA2162D8F60020B9C4 /* LaunchScreen.storyboard */,
				30ECEEAD2162D8F60020B9C4 /* Info.plist */,
			);
			path = Snippets;
			sourceTree = "<group>";
		};
/* End PBXGroup section */

/* Begin PBXNativeTarget section */
		30ECEE9D2162D8F40020B9C4 /* Snippets */ = {
			isa = PBXNativeTarget;
			buildConfigurationList = 30ECEEB02162D8F60020B9C4 /* Build configuration list for PBXNativeTarget "Snippets" */;
			buildPhases = (
				30ECEE9A2162D8F40020B9C4 /* Sources */,
				30ECEE9B2162D8F40020B9C4 /* Frameworks */,
				30ECEE9C2162D8F40020B9C4 /* Resources */,
			);
			buildRules = (
			);
			dependencies = (
			);
			name = Snippets;
			productName = Snippets;
			productReference = 30ECEE9E2162D8F40020B9C4 /* Snippets.app */;
			productType = "com.apple.product-type.application";
		};
/* End PBXNativeTarget section */

/* Begin PBXProject section */
		30ECEE962162D8F40020B9C4 /* Project object */ = {
			isa = PBXProject;
			attributes = {
				LastSwiftUpdateCheck = 1000;
				LastUpgradeCheck = 1000;
				ORGANIZATIONNAME = NotACoder;
				TargetAttributes = {
					30ECEE9D2162D8F40020B9C4 = {
						CreatedOnToolsVersion = 10.0;
					};
				};
			};
			buildConfigurationList = 30ECEE992162D8F40020B9C4 /* Build configuration list for PBXProject "Snippets" */;
			compatibilityVersion = "Xcode 9.3";
			developmentRegion = en;
			hasScannedForEncodings = 0;
			knownRegions = (
				en,
				Base,
			);
			mainGroup = 30ECEE952162D8F40020B9C4;
			productRefGroup = 30ECEE9F2162D8F40020B9C4 /* Products */;
			projectDirPath = "";
			projectRoot = "";
			targets = (
				30ECEE9D2162D8F40020B9C4 /* Snippets */,
			);
		};
/* End PBXProject section */

/* Begin PBXResourcesBuildPhase section */
		30ECEE9C2162D8F40020B9C4 /* Resources */ = {
			isa = PBXResourcesBuildPhase;
			buildActionMask = 2147483647;
			files = (
				30ECEEAC2162D8F60020B9C4 /* LaunchScreen.storyboard in Resources */,
				30ECEEA92162D8F60020B9C4 /* Assets.xcassets in Resources */,
				30ECEEA72162D8F40020B9C4 /* Main.storyboard in Resources */,
			);
			runOnlyForDeploymentPostprocessing = 0;
		};
/* End PBXResourcesBuildPhase section */

/* Begin PBXSourcesBuildPhase section */
		30ECEE9A2162D8F40020B9C4 /* Sources */ = {
			isa = PBXSourcesBuildPhase;
			buildActionMask = 2147483647;
			files = (
				30ECEEB62162E7210020B9C4 /* Symptoms.swift in Sources */,
				30ECEEA22162D8F40020B9C4 /* AppDelegate.swift in Sources */,
				30ECEEB42162DA750020B9C4 /* TextButtonViewController.swift in Sources */,
			);
			runOnlyForDeploymentPostprocessing = 0;
		};
/* End PBXSourcesBuildPhase section */

/* Begin PBXVariantGroup section */
		30ECEEA52162D8F40020B9C4 /* Main.storyboard */ = {
			isa = PBXVariantGroup;
			children = (
				30ECEEA62162D8F40020B9C4 /* Base */,
			);
			name = Main.storyboard;
			sourceTree = "<group>";
		};
		30ECEEAA2162D8F60020B9C4 /* LaunchScreen.storyboard */ = {
			isa = PBXVariantGroup;
			children = (
				30ECEEAB2162D8F60020B9C4 /* Base */,
			);
			name = LaunchScreen.storyboard;
			sourceTree = "<group>";
		};
/* End PBXVariantGroup section */

/* Begin XCBuildConfiguration section */
		30ECEEAE2162D8F60020B9C4 /* Debug */ = {
			isa = XCBuildConfiguration;
			buildSettings = {
				ALWAYS_SEARCH_USER_PATHS = NO;
				CLANG_ANALYZER_NONNULL = YES;
				CLANG_ANALYZER_NUMBER_OBJECT_CONVERSION = YES_AGGRESSIVE;
				CLANG_CXX_LANGUAGE_STANDARD = "gnu++14";
				CLANG_CXX_LIBRARY = "libc++";
				CLANG_ENABLE_MODULES = YES;
				CLANG_ENABLE_OBJC_ARC = YES;
				CLANG_ENABLE_OBJC_WEAK = YES;
				CLANG_WARN_BLOCK_CAPTURE_AUTORELEASING = YES;
				CLANG_WARN_BOOL_CONVERSION = YES;
				CLANG_WARN_COMMA = YES;
				CLANG_WARN_CONSTANT_CONVERSION = YES;
				CLANG_WARN_DEPRECATED_OBJC_IMPLEMENTATIONS = YES;
				CLANG_WARN_DIRECT_OBJC_ISA_USAGE = YES_ERROR;
				CLANG_WARN_DOCUMENTATION_COMMENTS = YES;
				CLANG_WARN_EMPTY_BODY = YES;
				CLANG_WARN_ENUM_CONVERSION = YES;
				CLANG_WARN_INFINITE_RECURSION = YES;
				CLANG_WARN_INT_CONVERSION = YES;
				CLANG_WARN_NON_LITERAL_NULL_CONVERSION = YES;
				CLANG_WARN_OBJC_IMPLICIT_RETAIN_SELF = YES;
				CLANG_WARN_OBJC_LITERAL_CONVERSION = YES;
				CLANG_WARN_OBJC_ROOT_CLASS = YES_ERROR;
				CLANG_WARN_RANGE_LOOP_ANALYSIS = YES;
				CLANG_WARN_STRICT_PROTOTYPES = YES;
				CLANG_WARN_SUSPICIOUS_MOVE = YES;
				CLANG_WARN_UNGUARDED_AVAILABILITY = YES_AGGRESSIVE;
				CLANG_WARN_UNREACHABLE_CODE = YES;
				CLANG_WARN__DUPLICATE_METHOD_MATCH = YES;
				CODE_SIGN_IDENTITY = "iPhone Developer";
				COPY_PHASE_STRIP = NO;
				DEBUG_INFORMATION_FORMAT = dwarf;
				ENABLE_STRICT_OBJC_MSGSEND = YES;
				ENABLE_TESTABILITY = YES;
				GCC_C_LANGUAGE_STANDARD = gnu11;
				GCC_DYNAMIC_NO_PIC = NO;
				GCC_NO_COMMON_BLOCKS = YES;
				GCC_OPTIMIZATION_LEVEL = 0;
				GCC_PREPROCESSOR_DEFINITIONS = (
					"DEBUG=1",
					"$(inherited)",
				);
				GCC_WARN_64_TO_32_BIT_CONVERSION = YES;
				GCC_WARN_ABOUT_RETURN_TYPE = YES_ERROR;
				GCC_WARN_UNDECLARED_SELECTOR = YES;
				GCC_WARN_UNINITIALIZED_AUTOS = YES_AGGRESSIVE;
				GCC_WARN_UNUSED_FUNCTION = YES;
				GCC_WARN_UNUSED_VARIABLE = YES;
				IPHONEOS_DEPLOYMENT_TARGET = 12.0;
				MTL_ENABLE_DEBUG_INFO = INCLUDE_SOURCE;
				MTL_FAST_MATH = YES;
				ONLY_ACTIVE_ARCH = YES;
				SDKROOT = iphoneos;
				SWIFT_ACTIVE_COMPILATION_CONDITIONS = DEBUG;
				SWIFT_OPTIMIZATION_LEVEL = "-Onone";
			};
			name = Debug;
		};
		30ECEEAF2162D8F60020B9C4 /* Release */ = {
			isa = XCBuildConfiguration;
			buildSettings = {
				ALWAYS_SEARCH_USER_PATHS = NO;
				CLANG_ANALYZER_NONNULL = YES;
				CLANG_ANALYZER_NUMBER_OBJECT_CONVERSION = YES_AGGRESSIVE;
				CLANG_CXX_LANGUAGE_STANDARD = "gnu++14";
				CLANG_CXX_LIBRARY = "libc++";
				CLANG_ENABLE_MODULES = YES;
				CLANG_ENABLE_OBJC_ARC = YES;
				CLANG_ENABLE_OBJC_WEAK = YES;
				CLANG_WARN_BLOCK_CAPTURE_AUTORELEASING = YES;
				CLANG_WARN_BOOL_CONVERSION = YES;
				CLANG_WARN_COMMA = YES;
				CLANG_WARN_CONSTANT_CONVERSION = YES;
				CLANG_WARN_DEPRECATED_OBJC_IMPLEMENTATIONS = YES;
				CLANG_WARN_DIRECT_OBJC_ISA_USAGE = YES_ERROR;
				CLANG_WARN_DOCUMENTATION_COMMENTS = YES;
				CLANG_WARN_EMPTY_BODY = YES;
				CLANG_WARN_ENUM_CONVERSION = YES;
				CLANG_WARN_INFINITE_RECURSION = YES;
				CLANG_WARN_INT_CONVERSION = YES;
				CLANG_WARN_NON_LITERAL_NULL_CONVERSION = YES;
				CLANG_WARN_OBJC_IMPLICIT_RETAIN_SELF = YES;
				CLANG_WARN_OBJC_LITERAL_CONVERSION = YES;
				CLANG_WARN_OBJC_ROOT_CLASS = YES_ERROR;
				CLANG_WARN_RANGE_LOOP_ANALYSIS = YES;
				CLANG_WARN_STRICT_PROTOTYPES = YES;
				CLANG_WARN_SUSPICIOUS_MOVE = YES;
				CLANG_WARN_UNGUARDED_AVAILABILITY = YES_AGGRESSIVE;
				CLANG_WARN_UNREACHABLE_CODE = YES;
				CLANG_WARN__DUPLICATE_METHOD_MATCH = YES;
				CODE_SIGN_IDENTITY = "iPhone Developer";
				COPY_PHASE_STRIP = NO;
				DEBUG_INFORMATION_FORMAT = "dwarf-with-dsym";
				ENABLE_NS_ASSERTIONS = NO;
				ENABLE_STRICT_OBJC_MSGSEND = YES;
				GCC_C_LANGUAGE_STANDARD = gnu11;
				GCC_NO_COMMON_BLOCKS = YES;
				GCC_WARN_64_TO_32_BIT_CONVERSION = YES;
				GCC_WARN_ABOUT_RETURN_TYPE = YES_ERROR;
				GCC_WARN_UNDECLARED_SELECTOR = YES;
				GCC_WARN_UNINITIALIZED_AUTOS = YES_AGGRESSIVE;
				GCC_WARN_UNUSED_FUNCTION = YES;
				GCC_WARN_UNUSED_VARIABLE = YES;
				IPHONEOS_DEPLOYMENT_TARGET = 12.0;
				MTL_ENABLE_DEBUG_INFO = NO;
				MTL_FAST_MATH = YES;
				SDKROOT = iphoneos;
				SWIFT_COMPILATION_MODE = wholemodule;
				SWIFT_OPTIMIZATION_LEVEL = "-O";
				VALIDATE_PRODUCT = YES;
			};
			name = Release;
		};
		30ECEEB12162D8F60020B9C4 /* Debug */ = {
			isa = XCBuildConfiguration;
			buildSettings = {
				ASSETCATALOG_COMPILER_APPICON_NAME = AppIcon;
				CODE_SIGN_STYLE = Automatic;
				DEVELOPMENT_TEAM = 2J3WW2KWBU;
				INFOPLIST_FILE = Snippets/Info.plist;
				LD_RUNPATH_SEARCH_PATHS = (
					"$(inherited)",
					"@executable_path/Frameworks",
				);
				PRODUCT_BUNDLE_IDENTIFIER = tech.notacoder.Snippets;
				PRODUCT_NAME = "$(TARGET_NAME)";
				SWIFT_VERSION = 4.2;
				TARGETED_DEVICE_FAMILY = "1,2";
			};
			name = Debug;
		};
		30ECEEB22162D8F60020B9C4 /* Release */ = {
			isa = XCBuildConfiguration;
			buildSettings = {
				ASSETCATALOG_COMPILER_APPICON_NAME = AppIcon;
				CODE_SIGN_STYLE = Automatic;
				DEVELOPMENT_TEAM = 2J3WW2KWBU;
				INFOPLIST_FILE = Snippets/Info.plist;
				LD_RUNPATH_SEARCH_PATHS = (
					"$(inherited)",
					"@executable_path/Frameworks",
				);
				PRODUCT_BUNDLE_IDENTIFIER = tech.notacoder.Snippets;
				PRODUCT_NAME = "$(TARGET_NAME)";
				SWIFT_VERSION = 4.2;
				TARGETED_DEVICE_FAMILY = "1,2";
			};
			name = Release;
		};
/* End XCBuildConfiguration section */

/* Begin XCConfigurationList section */
		30ECEE992162D8F40020B9C4 /* Build configuration list for PBXProject "Snippets" */ = {
			isa = XCConfigurationList;
			buildConfigurations = (
				30ECEEAE2162D8F60020B9C4 /* Debug */,
				30ECEEAF2162D8F60020B9C4 /* Release */,
			);
			defaultConfigurationIsVisible = 0;
			defaultConfigurationName = Release;
		};
		30ECEEB02162D8F60020B9C4 /* Build configuration list for PBXNativeTarget "Snippets" */ = {
			isa = XCConfigurationList;
			buildConfigurations = (
				30ECEEB12162D8F60020B9C4 /* Debug */,
				30ECEEB22162D8F60020B9C4 /* Release */,
			);
			defaultConfigurationIsVisible = 0;
			defaultConfigurationName = Release;
		};
/* End XCConfigurationList section */
	};
	rootObject = 30ECEE962162D8F40020B9C4 /* Project object */;
}
